
Microsoft Visual Studio Solution File, Format Version 12.00
# Visual Studio Version 17
VisualStudioVersion = 17.0.31903.59
MinimumVisualStudioVersion = 10.0.40219.1
Project("{2150E333-8FDC-42A3-9474-1A3956D46DE8}") = "src", "src", "{BDCA1585-A034-499B-9199-1C4B9173E187}"
EndProject
Project("{9A19103F-16F7-4668-BE54-9A1E7A4F7556}") = "Manager.API", "src\Manager.API\Manager.API.csproj", "{F7336150-16D6-4B89-9FD3-D0016BC34133}"
EndProject
Project("{9A19103F-16F7-4668-BE54-9A1E7A4F7556}") = "Manager.Domain", "src\Manager.Domain\Manager.Domain.csproj", "{7A71D2CD-2BFF-4704-8E65-EF0C3CBA61CA}"
EndProject
Project("{9A19103F-16F7-4668-BE54-9A1E7A4F7556}") = "Manager.Infrastructure", "src\Manager.Infrastructure\Manager.Infrastructure.csproj", "{84D1F2C1-D0A0-4822-A525-79A3000B598B}"
EndProject
Project("{2150E333-8FDC-42A3-9474-1A3956D46DE8}") = "Elementos de la solución", "Elementos de la solución", "{73E7B957-6387-48B8-ACEE-AA0586F23DF9}"
	ProjectSection(SolutionItems) = preProject
		.env = .env
		.gitignore = .gitignore
		docker-compose.yml = docker-compose.yml
	EndProjectSection
EndProject
Project("{2150E333-8FDC-42A3-9474-1A3956D46DE8}") = "Reports", "Reports", "{02EA681E-C7D8-13C7-8484-4AC65E1B71E8}"
EndProject
Project("{F14B399A-7131-4C87-9E4B-1186C45EF12D}") = "Manager.Reporting", "Manager.Reporting\Manager.Reporting.rptproj", "{9D77E374-1B19-AFD0-7364-4BE46F974253}"
EndProject
Project("{FAE04EC0-301F-11D3-BF4B-00C04F79EFBC}") = "Manager.Reporting.Api", "src\Manager.Reporting.Api\Manager.Reporting.Api.csproj", "{79FD0B80-C065-46B6-AC85-FEF2276A52F5}"
EndProject
Project("{2150E333-8FDC-42A3-9474-1A3956D46DE8}") = "containers", "containers", "{77673E21-8A49-436F-B9C0-4380FFF8152E}"
EndProject
Project("{2150E333-8FDC-42A3-9474-1A3956D46DE8}") = "api", "api", "{7C5AA7F1-2879-497B-B972-BA91FDAAE656}"
	ProjectSection(SolutionItems) = preProject
		containers\api\api.env = containers\api\api.env
		containers\api\Dockerfile = containers\api\Dockerfile
	EndProjectSection
EndProject
Project("{2150E333-8FDC-42A3-9474-1A3956D46DE8}") = "db", "db", "{6FDF6E5F-269B-4EB1-A3E0-1C3A582658A3}"
	ProjectSection(SolutionItems) = preProject
		containers\db\db.env = containers\db\db.env
	EndProjectSection
EndProject
Global
	GlobalSection(SolutionConfigurationPlatforms) = preSolution
		Debug|Any CPU = Debug|Any CPU
		Debug|arm64 = Debug|arm64
		Debug|x64 = Debug|x64
		Debug|x86 = Debug|x86
		DebugLocal|Any CPU = DebugLocal|Any CPU
		DebugLocal|arm64 = DebugLocal|arm64
		DebugLocal|x64 = DebugLocal|x64
		DebugLocal|x86 = DebugLocal|x86
		Release|Any CPU = Release|Any CPU
		Release|arm64 = Release|arm64
		Release|x64 = Release|x64
		Release|x86 = Release|x86
	EndGlobalSection
	GlobalSection(ProjectConfigurationPlatforms) = postSolution
		{F7336150-16D6-4B89-9FD3-D0016BC34133}.Debug|Any CPU.ActiveCfg = Debug|Any CPU
		{F7336150-16D6-4B89-9FD3-D0016BC34133}.Debug|Any CPU.Build.0 = Debug|Any CPU
		{F7336150-16D6-4B89-9FD3-D0016BC34133}.Debug|arm64.ActiveCfg = Debug|Any CPU
		{F7336150-16D6-4B89-9FD3-D0016BC34133}.Debug|arm64.Build.0 = Debug|Any CPU
		{F7336150-16D6-4B89-9FD3-D0016BC34133}.Debug|x64.ActiveCfg = Debug|Any CPU
		{F7336150-16D6-4B89-9FD3-D0016BC34133}.Debug|x64.Build.0 = Debug|Any CPU
		{F7336150-16D6-4B89-9FD3-D0016BC34133}.Debug|x86.ActiveCfg = Debug|Any CPU
		{F7336150-16D6-4B89-9FD3-D0016BC34133}.Debug|x86.Build.0 = Debug|Any CPU
		{F7336150-16D6-4B89-9FD3-D0016BC34133}.DebugLocal|Any CPU.ActiveCfg = Debug|Any CPU
		{F7336150-16D6-4B89-9FD3-D0016BC34133}.DebugLocal|Any CPU.Build.0 = Debug|Any CPU
		{F7336150-16D6-4B89-9FD3-D0016BC34133}.DebugLocal|arm64.ActiveCfg = Debug|Any CPU
		{F7336150-16D6-4B89-9FD3-D0016BC34133}.DebugLocal|arm64.Build.0 = Debug|Any CPU
		{F7336150-16D6-4B89-9FD3-D0016BC34133}.DebugLocal|x64.ActiveCfg = DebugLocal|Any CPU
		{F7336150-16D6-4B89-9FD3-D0016BC34133}.DebugLocal|x64.Build.0 = DebugLocal|Any CPU
		{F7336150-16D6-4B89-9FD3-D0016BC34133}.DebugLocal|x86.ActiveCfg = Debug|Any CPU
		{F7336150-16D6-4B89-9FD3-D0016BC34133}.DebugLocal|x86.Build.0 = Debug|Any CPU
		{F7336150-16D6-4B89-9FD3-D0016BC34133}.Release|Any CPU.ActiveCfg = Release|Any CPU
		{F7336150-16D6-4B89-9FD3-D0016BC34133}.Release|Any CPU.Build.0 = Release|Any CPU
		{F7336150-16D6-4B89-9FD3-D0016BC34133}.Release|arm64.ActiveCfg = Release|Any CPU
		{F7336150-16D6-4B89-9FD3-D0016BC34133}.Release|arm64.Build.0 = Release|Any CPU
		{F7336150-16D6-4B89-9FD3-D0016BC34133}.Release|x64.ActiveCfg = Release|Any CPU
		{F7336150-16D6-4B89-9FD3-D0016BC34133}.Release|x64.Build.0 = Release|Any CPU
		{F7336150-16D6-4B89-9FD3-D0016BC34133}.Release|x86.ActiveCfg = Release|Any CPU
		{F7336150-16D6-4B89-9FD3-D0016BC34133}.Release|x86.Build.0 = Release|Any CPU
		{7A71D2CD-2BFF-4704-8E65-EF0C3CBA61CA}.Debug|Any CPU.ActiveCfg = Debug|Any CPU
		{7A71D2CD-2BFF-4704-8E65-EF0C3CBA61CA}.Debug|Any CPU.Build.0 = Debug|Any CPU
		{7A71D2CD-2BFF-4704-8E65-EF0C3CBA61CA}.Debug|arm64.ActiveCfg = Debug|Any CPU
		{7A71D2CD-2BFF-4704-8E65-EF0C3CBA61CA}.Debug|arm64.Build.0 = Debug|Any CPU
		{7A71D2CD-2BFF-4704-8E65-EF0C3CBA61CA}.Debug|x64.ActiveCfg = Debug|Any CPU
		{7A71D2CD-2BFF-4704-8E65-EF0C3CBA61CA}.Debug|x64.Build.0 = Debug|Any CPU
		{7A71D2CD-2BFF-4704-8E65-EF0C3CBA61CA}.Debug|x86.ActiveCfg = Debug|Any CPU
		{7A71D2CD-2BFF-4704-8E65-EF0C3CBA61CA}.Debug|x86.Build.0 = Debug|Any CPU
		{7A71D2CD-2BFF-4704-8E65-EF0C3CBA61CA}.DebugLocal|Any CPU.ActiveCfg = Debug|Any CPU
		{7A71D2CD-2BFF-4704-8E65-EF0C3CBA61CA}.DebugLocal|Any CPU.Build.0 = Debug|Any CPU
		{7A71D2CD-2BFF-4704-8E65-EF0C3CBA61CA}.DebugLocal|arm64.ActiveCfg = Debug|Any CPU
		{7A71D2CD-2BFF-4704-8E65-EF0C3CBA61CA}.DebugLocal|arm64.Build.0 = Debug|Any CPU
		{7A71D2CD-2BFF-4704-8E65-EF0C3CBA61CA}.DebugLocal|x64.ActiveCfg = DebugLocal|Any CPU
		{7A71D2CD-2BFF-4704-8E65-EF0C3CBA61CA}.DebugLocal|x64.Build.0 = DebugLocal|Any CPU
		{7A71D2CD-2BFF-4704-8E65-EF0C3CBA61CA}.DebugLocal|x86.ActiveCfg = Debug|Any CPU
		{7A71D2CD-2BFF-4704-8E65-EF0C3CBA61CA}.DebugLocal|x86.Build.0 = Debug|Any CPU
		{7A71D2CD-2BFF-4704-8E65-EF0C3CBA61CA}.Release|Any CPU.ActiveCfg = Release|Any CPU
		{7A71D2CD-2BFF-4704-8E65-EF0C3CBA61CA}.Release|Any CPU.Build.0 = Release|Any CPU
		{7A71D2CD-2BFF-4704-8E65-EF0C3CBA61CA}.Release|arm64.ActiveCfg = Release|Any CPU
		{7A71D2CD-2BFF-4704-8E65-EF0C3CBA61CA}.Release|arm64.Build.0 = Release|Any CPU
		{7A71D2CD-2BFF-4704-8E65-EF0C3CBA61CA}.Release|x64.ActiveCfg = Release|Any CPU
		{7A71D2CD-2BFF-4704-8E65-EF0C3CBA61CA}.Release|x64.Build.0 = Release|Any CPU
		{7A71D2CD-2BFF-4704-8E65-EF0C3CBA61CA}.Release|x86.ActiveCfg = Release|Any CPU
		{7A71D2CD-2BFF-4704-8E65-EF0C3CBA61CA}.Release|x86.Build.0 = Release|Any CPU
		{84D1F2C1-D0A0-4822-A525-79A3000B598B}.Debug|Any CPU.ActiveCfg = Debug|Any CPU
		{84D1F2C1-D0A0-4822-A525-79A3000B598B}.Debug|Any CPU.Build.0 = Debug|Any CPU
		{84D1F2C1-D0A0-4822-A525-79A3000B598B}.Debug|arm64.ActiveCfg = Debug|Any CPU
		{84D1F2C1-D0A0-4822-A525-79A3000B598B}.Debug|arm64.Build.0 = Debug|Any CPU
		{84D1F2C1-D0A0-4822-A525-79A3000B598B}.Debug|x64.ActiveCfg = Debug|Any CPU
		{84D1F2C1-D0A0-4822-A525-79A3000B598B}.Debug|x64.Build.0 = Debug|Any CPU
		{84D1F2C1-D0A0-4822-A525-79A3000B598B}.Debug|x86.ActiveCfg = Debug|Any CPU
		{84D1F2C1-D0A0-4822-A525-79A3000B598B}.Debug|x86.Build.0 = Debug|Any CPU
		{84D1F2C1-D0A0-4822-A525-79A3000B598B}.DebugLocal|Any CPU.ActiveCfg = Debug|Any CPU
		{84D1F2C1-D0A0-4822-A525-79A3000B598B}.DebugLocal|Any CPU.Build.0 = Debug|Any CPU
		{84D1F2C1-D0A0-4822-A525-79A3000B598B}.DebugLocal|arm64.ActiveCfg = Debug|Any CPU
		{84D1F2C1-D0A0-4822-A525-79A3000B598B}.DebugLocal|arm64.Build.0 = Debug|Any CPU
		{84D1F2C1-D0A0-4822-A525-79A3000B598B}.DebugLocal|x64.ActiveCfg = DebugLocal|Any CPU
		{84D1F2C1-D0A0-4822-A525-79A3000B598B}.DebugLocal|x64.Build.0 = DebugLocal|Any CPU
		{84D1F2C1-D0A0-4822-A525-79A3000B598B}.DebugLocal|x86.ActiveCfg = Debug|Any CPU
		{84D1F2C1-D0A0-4822-A525-79A3000B598B}.DebugLocal|x86.Build.0 = Debug|Any CPU
		{84D1F2C1-D0A0-4822-A525-79A3000B598B}.Release|Any CPU.ActiveCfg = Release|Any CPU
		{84D1F2C1-D0A0-4822-A525-79A3000B598B}.Release|Any CPU.Build.0 = Release|Any CPU
		{84D1F2C1-D0A0-4822-A525-79A3000B598B}.Release|arm64.ActiveCfg = Release|Any CPU
		{84D1F2C1-D0A0-4822-A525-79A3000B598B}.Release|arm64.Build.0 = Release|Any CPU
		{84D1F2C1-D0A0-4822-A525-79A3000B598B}.Release|x64.ActiveCfg = Release|Any CPU
		{84D1F2C1-D0A0-4822-A525-79A3000B598B}.Release|x64.Build.0 = Release|Any CPU
		{84D1F2C1-D0A0-4822-A525-79A3000B598B}.Release|x86.ActiveCfg = Release|Any CPU
		{84D1F2C1-D0A0-4822-A525-79A3000B598B}.Release|x86.Build.0 = Release|Any CPU
		{9D77E374-1B19-AFD0-7364-4BE46F974253}.Debug|Any CPU.ActiveCfg = Debug
		{9D77E374-1B19-AFD0-7364-4BE46F974253}.Debug|Any CPU.Build.0 = Debug
		{9D77E374-1B19-AFD0-7364-4BE46F974253}.Debug|Any CPU.Deploy.0 = Debug
		{9D77E374-1B19-AFD0-7364-4BE46F974253}.Debug|arm64.ActiveCfg = Debug
		{9D77E374-1B19-AFD0-7364-4BE46F974253}.Debug|arm64.Build.0 = Debug
		{9D77E374-1B19-AFD0-7364-4BE46F974253}.Debug|arm64.Deploy.0 = Debug
		{9D77E374-1B19-AFD0-7364-4BE46F974253}.Debug|x64.ActiveCfg = Debug
		{9D77E374-1B19-AFD0-7364-4BE46F974253}.Debug|x64.Build.0 = Debug
		{9D77E374-1B19-AFD0-7364-4BE46F974253}.Debug|x86.ActiveCfg = Debug
		{9D77E374-1B19-AFD0-7364-4BE46F974253}.Debug|x86.Build.0 = Debug
		{9D77E374-1B19-AFD0-7364-4BE46F974253}.Debug|x86.Deploy.0 = Debug
		{9D77E374-1B19-AFD0-7364-4BE46F974253}.DebugLocal|Any CPU.ActiveCfg = DebugLocal
		{9D77E374-1B19-AFD0-7364-4BE46F974253}.DebugLocal|Any CPU.Build.0 = DebugLocal
		{9D77E374-1B19-AFD0-7364-4BE46F974253}.DebugLocal|arm64.ActiveCfg = DebugLocal
		{9D77E374-1B19-AFD0-7364-4BE46F974253}.DebugLocal|arm64.Build.0 = DebugLocal
		{9D77E374-1B19-AFD0-7364-4BE46F974253}.DebugLocal|x64.ActiveCfg = DebugLocal
		{9D77E374-1B19-AFD0-7364-4BE46F974253}.DebugLocal|x64.Build.0 = DebugLocal
		{9D77E374-1B19-AFD0-7364-4BE46F974253}.DebugLocal|x86.ActiveCfg = DebugLocal
		{9D77E374-1B19-AFD0-7364-4BE46F974253}.DebugLocal|x86.Build.0 = DebugLocal
		{9D77E374-1B19-AFD0-7364-4BE46F974253}.Release|Any CPU.ActiveCfg = Release
		{9D77E374-1B19-AFD0-7364-4BE46F974253}.Release|Any CPU.Build.0 = Release
		{9D77E374-1B19-AFD0-7364-4BE46F974253}.Release|Any CPU.Deploy.0 = Release
		{9D77E374-1B19-AFD0-7364-4BE46F974253}.Release|arm64.ActiveCfg = Release
		{9D77E374-1B19-AFD0-7364-4BE46F974253}.Release|arm64.Build.0 = Release
		{9D77E374-1B19-AFD0-7364-4BE46F974253}.Release|arm64.Deploy.0 = Release
		{9D77E374-1B19-AFD0-7364-4BE46F974253}.Release|x64.ActiveCfg = Release
		{9D77E374-1B19-AFD0-7364-4BE46F974253}.Release|x64.Build.0 = Release
		{9D77E374-1B19-AFD0-7364-4BE46F974253}.Release|x86.ActiveCfg = Release
		{9D77E374-1B19-AFD0-7364-4BE46F974253}.Release|x86.Build.0 = Release
		{9D77E374-1B19-AFD0-7364-4BE46F974253}.Release|x86.Deploy.0 = Release
		{79FD0B80-C065-46B6-AC85-FEF2276A52F5}.Debug|Any CPU.ActiveCfg = Debug|Any CPU
		{79FD0B80-C065-46B6-AC85-FEF2276A52F5}.Debug|Any CPU.Build.0 = Debug|Any CPU
		{79FD0B80-C065-46B6-AC85-FEF2276A52F5}.Debug|arm64.ActiveCfg = Debug|Any CPU
		{79FD0B80-C065-46B6-AC85-FEF2276A52F5}.Debug|arm64.Build.0 = Debug|Any CPU
		{79FD0B80-C065-46B6-AC85-FEF2276A52F5}.Debug|x64.ActiveCfg = Debug|Any CPU
		{79FD0B80-C065-46B6-AC85-FEF2276A52F5}.Debug|x64.Build.0 = Debug|Any CPU
		{79FD0B80-C065-46B6-AC85-FEF2276A52F5}.Debug|x86.ActiveCfg = Debug|Any CPU
		{79FD0B80-C065-46B6-AC85-FEF2276A52F5}.Debug|x86.Build.0 = Debug|Any CPU
		{79FD0B80-C065-46B6-AC85-FEF2276A52F5}.DebugLocal|Any CPU.ActiveCfg = Debug|Any CPU
		{79FD0B80-C065-46B6-AC85-FEF2276A52F5}.DebugLocal|Any CPU.Build.0 = Debug|Any CPU
		{79FD0B80-C065-46B6-AC85-FEF2276A52F5}.DebugLocal|arm64.ActiveCfg = Debug|Any CPU
		{79FD0B80-C065-46B6-AC85-FEF2276A52F5}.DebugLocal|arm64.Build.0 = Debug|Any CPU
		{79FD0B80-C065-46B6-AC85-FEF2276A52F5}.DebugLocal|x64.ActiveCfg = Debug|Any CPU
		{79FD0B80-C065-46B6-AC85-FEF2276A52F5}.DebugLocal|x64.Build.0 = Debug|Any CPU
		{79FD0B80-C065-46B6-AC85-FEF2276A52F5}.DebugLocal|x86.ActiveCfg = Debug|Any CPU
		{79FD0B80-C065-46B6-AC85-FEF2276A52F5}.DebugLocal|x86.Build.0 = Debug|Any CPU
		{79FD0B80-C065-46B6-AC85-FEF2276A52F5}.Release|Any CPU.ActiveCfg = Release|Any CPU
		{79FD0B80-C065-46B6-AC85-FEF2276A52F5}.Release|Any CPU.Build.0 = Release|Any CPU
		{79FD0B80-C065-46B6-AC85-FEF2276A52F5}.Release|arm64.ActiveCfg = Release|Any CPU
		{79FD0B80-C065-46B6-AC85-FEF2276A52F5}.Release|arm64.Build.0 = Release|Any CPU
		{79FD0B80-C065-46B6-AC85-FEF2276A52F5}.Release|x64.ActiveCfg = Release|Any CPU
		{79FD0B80-C065-46B6-AC85-FEF2276A52F5}.Release|x64.Build.0 = Release|Any CPU
		{79FD0B80-C065-46B6-AC85-FEF2276A52F5}.Release|x86.ActiveCfg = Release|Any CPU
		{79FD0B80-C065-46B6-AC85-FEF2276A52F5}.Release|x86.Build.0 = Release|Any CPU
	EndGlobalSection
	GlobalSection(SolutionProperties) = preSolution
		HideSolutionNode = FALSE
	EndGlobalSection
	GlobalSection(NestedProjects) = preSolution
		{F7336150-16D6-4B89-9FD3-D0016BC34133} = {BDCA1585-A034-499B-9199-1C4B9173E187}
		{7A71D2CD-2BFF-4704-8E65-EF0C3CBA61CA} = {BDCA1585-A034-499B-9199-1C4B9173E187}
		{84D1F2C1-D0A0-4822-A525-79A3000B598B} = {BDCA1585-A034-499B-9199-1C4B9173E187}
		{9D77E374-1B19-AFD0-7364-4BE46F974253} = {02EA681E-C7D8-13C7-8484-4AC65E1B71E8}
		{79FD0B80-C065-46B6-AC85-FEF2276A52F5} = {BDCA1585-A034-499B-9199-1C4B9173E187}
		{7C5AA7F1-2879-497B-B972-BA91FDAAE656} = {77673E21-8A49-436F-B9C0-4380FFF8152E}
		{6FDF6E5F-269B-4EB1-A3E0-1C3A582658A3} = {77673E21-8A49-436F-B9C0-4380FFF8152E}
	EndGlobalSection
	GlobalSection(ExtensibilityGlobals) = postSolution
		SolutionGuid = {45E540DA-AAD0-439E-BA92-BD2E444FA5C5}
	EndGlobalSection
EndGlobal
